
Microsoft Visual Studio Solution File, Format Version 12.00
# Visual Studio 14
VisualStudioVersion = 14.0.23107.0
MinimumVisualStudioVersion = 10.0.40219.1
Project("{FAE04EC0-301F-11D3-BF4B-00C04F79EFBC}") = "LogicInterfaces", "LogicInterfaces\LogicInterfaces.csproj", "{7A730431-C504-4299-BAA9-EFE634FD5264}"
EndProject
Project("{FAE04EC0-301F-11D3-BF4B-00C04F79EFBC}") = "LogicImplementation", "LogicImplementation\LogicImplementation.csproj", "{ACC88CBC-266C-4392-A18C-00B424F7A233}"
EndProject
Project("{FAE04EC0-301F-11D3-BF4B-00C04F79EFBC}") = "DataAccessInterfaces", "DataAccessInterfaces\DataAccessInterfaces.csproj", "{6FEB9FCB-5269-44AC-BD3F-518DAA12D7A7}"
EndProject
Project("{FAE04EC0-301F-11D3-BF4B-00C04F79EFBC}") = "DataAccessImplementation", "DataAccessImplementation\DataAccessImplementation.csproj", "{4C1EAD07-8B49-4216-A53B-32FF5762D04E}"
EndProject
Project("{FAE04EC0-301F-11D3-BF4B-00C04F79EFBC}") = "DataEntities", "DataEntities\DataEntities.csproj", "{26088D35-FECA-4812-A066-ABE8B3063EF5}"
EndProject
Project("{FAE04EC0-301F-11D3-BF4B-00C04F79EFBC}") = "ConsoleUI", "ConsoleUI\ConsoleUI.csproj", "{7F46F363-FF4F-495A-AF57-DD6DDA09FEA6}"
EndProject
Project("{FAE04EC0-301F-11D3-BF4B-00C04F79EFBC}") = "UnitTests", "UnitTests\UnitTests.csproj", "{89E7F90E-C135-4E52-BF42-B3B1CEE3BA1D}"
EndProject
Project("{FAE04EC0-301F-11D3-BF4B-00C04F79EFBC}") = "GUI", "GUI\GUI.csproj", "{58B45F77-3092-4FA9-AFA1-3616BA31E51C}"
EndProject
Project("{2150E333-8FDC-42A3-9474-1A3956D46DE8}") = "Solution Items", "Solution Items", "{B28C57B3-1008-44C2-B8E0-0A2A8BCDAD76}"
	ProjectSection(SolutionItems) = preProject
		README.txt = README.txt
	EndProjectSection
EndProject
Global
	GlobalSection(SolutionConfigurationPlatforms) = preSolution
		Debug|Any CPU = Debug|Any CPU
		Release|Any CPU = Release|Any CPU
	EndGlobalSection
	GlobalSection(ProjectConfigurationPlatforms) = postSolution
		{7A730431-C504-4299-BAA9-EFE634FD5264}.Debug|Any CPU.ActiveCfg = Debug|Any CPU
		{7A730431-C504-4299-BAA9-EFE634FD5264}.Debug|Any CPU.Build.0 = Debug|Any CPU
		{7A730431-C504-4299-BAA9-EFE634FD5264}.Release|Any CPU.ActiveCfg = Release|Any CPU
		{7A730431-C504-4299-BAA9-EFE634FD5264}.Release|Any CPU.Build.0 = Release|Any CPU
		{ACC88CBC-266C-4392-A18C-00B424F7A233}.Debug|Any CPU.ActiveCfg = Debug|Any CPU
		{ACC88CBC-266C-4392-A18C-00B424F7A233}.Debug|Any CPU.Build.0 = Debug|Any CPU
		{ACC88CBC-266C-4392-A18C-00B424F7A233}.Release|Any CPU.ActiveCfg = Release|Any CPU
		{ACC88CBC-266C-4392-A18C-00B424F7A233}.Release|Any CPU.Build.0 = Release|Any CPU
		{6FEB9FCB-5269-44AC-BD3F-518DAA12D7A7}.Debug|Any CPU.ActiveCfg = Debug|Any CPU
		{6FEB9FCB-5269-44AC-BD3F-518DAA12D7A7}.Debug|Any CPU.Build.0 = Debug|Any CPU
		{6FEB9FCB-5269-44AC-BD3F-518DAA12D7A7}.Release|Any CPU.ActiveCfg = Release|Any CPU
		{6FEB9FCB-5269-44AC-BD3F-518DAA12D7A7}.Release|Any CPU.Build.0 = Release|Any CPU
		{4C1EAD07-8B49-4216-A53B-32FF5762D04E}.Debug|Any CPU.ActiveCfg = Debug|Any CPU
		{4C1EAD07-8B49-4216-A53B-32FF5762D04E}.Debug|Any CPU.Build.0 = Debug|Any CPU
		{4C1EAD07-8B49-4216-A53B-32FF5762D04E}.Release|Any CPU.ActiveCfg = Release|Any CPU
		{4C1EAD07-8B49-4216-A53B-32FF5762D04E}.Release|Any CPU.Build.0 = Release|Any CPU
		{26088D35-FECA-4812-A066-ABE8B3063EF5}.Debug|Any CPU.ActiveCfg = Debug|Any CPU
		{26088D35-FECA-4812-A066-ABE8B3063EF5}.Debug|Any CPU.Build.0 = Debug|Any CPU
		{26088D35-FECA-4812-A066-ABE8B3063EF5}.Release|Any CPU.ActiveCfg = Release|Any CPU
		{26088D35-FECA-4812-A066-ABE8B3063EF5}.Release|Any CPU.Build.0 = Release|Any CPU
		{7F46F363-FF4F-495A-AF57-DD6DDA09FEA6}.Debug|Any CPU.ActiveCfg = Debug|Any CPU
		{7F46F363-FF4F-495A-AF57-DD6DDA09FEA6}.Debug|Any CPU.Build.0 = Debug|Any CPU
		{7F46F363-FF4F-495A-AF57-DD6DDA09FEA6}.Release|Any CPU.ActiveCfg = Release|Any CPU
		{7F46F363-FF4F-495A-AF57-DD6DDA09FEA6}.Release|Any CPU.Build.0 = Release|Any CPU
		{89E7F90E-C135-4E52-BF42-B3B1CEE3BA1D}.Debug|Any CPU.ActiveCfg = Debug|Any CPU
		{89E7F90E-C135-4E52-BF42-B3B1CEE3BA1D}.Debug|Any CPU.Build.0 = Debug|Any CPU
		{89E7F90E-C135-4E52-BF42-B3B1CEE3BA1D}.Release|Any CPU.ActiveCfg = Release|Any CPU
		{89E7F90E-C135-4E52-BF42-B3B1CEE3BA1D}.Release|Any CPU.Build.0 = Release|Any CPU
		{58B45F77-3092-4FA9-AFA1-3616BA31E51C}.Debug|Any CPU.ActiveCfg = Debug|Any CPU
		{58B45F77-3092-4FA9-AFA1-3616BA31E51C}.Debug|Any CPU.Build.0 = Debug|Any CPU
		{58B45F77-3092-4FA9-AFA1-3616BA31E51C}.Release|Any CPU.ActiveCfg = Release|Any CPU
		{58B45F77-3092-4FA9-AFA1-3616BA31E51C}.Release|Any CPU.Build.0 = Release|Any CPU
	EndGlobalSection
	GlobalSection(SolutionProperties) = preSolution
		HideSolutionNode = FALSE
	EndGlobalSection
EndGlobal
